
Microsoft Visual Studio Solution File, Format Version 12.00
# Visual Studio Version 17
VisualStudioVersion = 17.0.32014.148
MinimumVisualStudioVersion = 10.0.40219.1
Project("{FAE04EC0-301F-11D3-BF4B-00C04F79EFBC}") = "Seguridad.Api", "Seguridad.Api\Seguridad.Api.csproj", "{CF0D528C-4EA3-4679-9400-F03B34C1084D}"
EndProject
Project("{FAE04EC0-301F-11D3-BF4B-00C04F79EFBC}") = "Api.Negocio.Nomina", "Api.Negocio.Nomina\Api.Negocio.Nomina.csproj", "{7999F7A4-3E2E-4F2A-B1B5-F14DE638B810}"
EndProject
Project("{FAE04EC0-301F-11D3-BF4B-00C04F79EFBC}") = "Api.Models.Nomina", "Api.Models.Nomina\Api.Models.Nomina.csproj", "{DD71E3BC-6AED-4C93-98E1-71C0553C4342}"
EndProject
Global
	GlobalSection(SolutionConfigurationPlatforms) = preSolution
		Debug|Any CPU = Debug|Any CPU
		Release|Any CPU = Release|Any CPU
	EndGlobalSection
	GlobalSection(ProjectConfigurationPlatforms) = postSolution
		{CF0D528C-4EA3-4679-9400-F03B34C1084D}.Debug|Any CPU.ActiveCfg = Debug|Any CPU
		{CF0D528C-4EA3-4679-9400-F03B34C1084D}.Debug|Any CPU.Build.0 = Debug|Any CPU
		{CF0D528C-4EA3-4679-9400-F03B34C1084D}.Release|Any CPU.ActiveCfg = Release|Any CPU
		{CF0D528C-4EA3-4679-9400-F03B34C1084D}.Release|Any CPU.Build.0 = Release|Any CPU
		{7999F7A4-3E2E-4F2A-B1B5-F14DE638B810}.Debug|Any CPU.ActiveCfg = Debug|Any CPU
		{7999F7A4-3E2E-4F2A-B1B5-F14DE638B810}.Debug|Any CPU.Build.0 = Debug|Any CPU
		{7999F7A4-3E2E-4F2A-B1B5-F14DE638B810}.Release|Any CPU.ActiveCfg = Release|Any CPU
		{7999F7A4-3E2E-4F2A-B1B5-F14DE638B810}.Release|Any CPU.Build.0 = Release|Any CPU
		{DD71E3BC-6AED-4C93-98E1-71C0553C4342}.Debug|Any CPU.ActiveCfg = Debug|Any CPU
		{DD71E3BC-6AED-4C93-98E1-71C0553C4342}.Debug|Any CPU.Build.0 = Debug|Any CPU
		{DD71E3BC-6AED-4C93-98E1-71C0553C4342}.Release|Any CPU.ActiveCfg = Release|Any CPU
		{DD71E3BC-6AED-4C93-98E1-71C0553C4342}.Release|Any CPU.Build.0 = Release|Any CPU
	EndGlobalSection
	GlobalSection(SolutionProperties) = preSolution
		HideSolutionNode = FALSE
	EndGlobalSection
	GlobalSection(ExtensibilityGlobals) = postSolution
		SolutionGuid = {D5AC17CC-3B55-4205-871C-D73734DC9FF5}
	EndGlobalSection
EndGlobal
